// !$*UTF8*$!
{
	archiveVersion = 1;
	classes = {
	};
	objectVersion = 55;
	objects = {

/* Begin PBXBuildFile section */
		E10D6FE827EA89860089B547 /* DetailView.swift in Sources */ = {isa = PBXBuildFile; fileRef = E10D6FE727EA89860089B547 /* DetailView.swift */; };
		E118BAA027CE354700EEEA7E /* Character.swift in Sources */ = {isa = PBXBuildFile; fileRef = E118BA9F27CE354700EEEA7E /* Character.swift */; };
		E118BAA627CFD1DF00EEEA7E /* WebView.swift in Sources */ = {isa = PBXBuildFile; fileRef = E118BAA527CFD1DF00EEEA7E /* WebView.swift */; };
		E118BAA827CFDDDB00EEEA7E /* ComicsView.swift in Sources */ = {isa = PBXBuildFile; fileRef = E118BAA727CFDDDB00EEEA7E /* ComicsView.swift */; };
		E154629927D0D62100777237 /* RowView.swift in Sources */ = {isa = PBXBuildFile; fileRef = E154629827D0D62000777237 /* RowView.swift */; };
		E1B842C627E353690048CF36 /* RequestCharacter.swift in Sources */ = {isa = PBXBuildFile; fileRef = E1B842C527E353690048CF36 /* RequestCharacter.swift */; };
		E1B842C827E363540048CF36 /* ComicViewModel.swift in Sources */ = {isa = PBXBuildFile; fileRef = E1B842C727E363540048CF36 /* ComicViewModel.swift */; };
		E1CAA88327C50DA2003E9B85 /* SwiftUIMarvelApiApp.swift in Sources */ = {isa = PBXBuildFile; fileRef = E1CAA88227C50DA2003E9B85 /* SwiftUIMarvelApiApp.swift */; };
		E1CAA88527C50DA2003E9B85 /* ContentView.swift in Sources */ = {isa = PBXBuildFile; fileRef = E1CAA88427C50DA2003E9B85 /* ContentView.swift */; };
		E1CAA88727C50DA3003E9B85 /* Assets.xcassets in Resources */ = {isa = PBXBuildFile; fileRef = E1CAA88627C50DA3003E9B85 /* Assets.xcassets */; };
		E1CAA88A27C50DA3003E9B85 /* Preview Assets.xcassets in Resources */ = {isa = PBXBuildFile; fileRef = E1CAA88927C50DA3003E9B85 /* Preview Assets.xcassets */; };
		E1CAA89227C50EBF003E9B85 /* SDWebImageSwiftUI in Frameworks */ = {isa = PBXBuildFile; productRef = E1CAA89127C50EBF003E9B85 /* SDWebImageSwiftUI */; };
		E1CAA89427C51659003E9B85 /* Marvel.swift in Sources */ = {isa = PBXBuildFile; fileRef = E1CAA89327C51659003E9B85 /* Marvel.swift */; };
		E1CAA89927C517F5003E9B85 /* Home.swift in Sources */ = {isa = PBXBuildFile; fileRef = E1CAA89827C517F5003E9B85 /* Home.swift */; };
		E1CAA89B27C518FB003E9B85 /* CharacterViewModel.swift in Sources */ = {isa = PBXBuildFile; fileRef = E1CAA89A27C518FB003E9B85 /* CharacterViewModel.swift */; };
		E1CAA89D27C51A09003E9B85 /* CharactersView.swift in Sources */ = {isa = PBXBuildFile; fileRef = E1CAA89C27C51A09003E9B85 /* CharactersView.swift */; };
		E1F381B927E766270008EF31 /* RowProtocol.swift in Sources */ = {isa = PBXBuildFile; fileRef = E1F381B827E766270008EF31 /* RowProtocol.swift */; };
		E1F381BD27E784250008EF31 /* CharacterReader.swift in Sources */ = {isa = PBXBuildFile; fileRef = E1F381BC27E784250008EF31 /* CharacterReader.swift */; };
		E1F381BF27E785BB0008EF31 /* ComicReader.swift in Sources */ = {isa = PBXBuildFile; fileRef = E1F381BE27E785BB0008EF31 /* ComicReader.swift */; };
		E1F381C127E7CB350008EF31 /* APIResult.swift in Sources */ = {isa = PBXBuildFile; fileRef = E1F381C027E7CB350008EF31 /* APIResult.swift */; };
		E1F381C327E7CF470008EF31 /* RequestProtocol.swift in Sources */ = {isa = PBXBuildFile; fileRef = E1F381C227E7CF460008EF31 /* RequestProtocol.swift */; };
		E1F381C527E7D46B0008EF31 /* RequestComic.swift in Sources */ = {isa = PBXBuildFile; fileRef = E1F381C427E7D46B0008EF31 /* RequestComic.swift */; };
/* End PBXBuildFile section */

/* Begin PBXFileReference section */
		E10D6FE727EA89860089B547 /* DetailView.swift */ = {isa = PBXFileReference; lastKnownFileType = sourcecode.swift; path = DetailView.swift; sourceTree = "<group>"; };
		E118BA9F27CE354700EEEA7E /* Character.swift */ = {isa = PBXFileReference; lastKnownFileType = sourcecode.swift; path = Character.swift; sourceTree = "<group>"; };
		E118BAA327CFABF500EEEA7E /* Info.plist */ = {isa = PBXFileReference; lastKnownFileType = text.plist.xml; path = Info.plist; sourceTree = "<group>"; };
		E118BAA527CFD1DF00EEEA7E /* WebView.swift */ = {isa = PBXFileReference; lastKnownFileType = sourcecode.swift; path = WebView.swift; sourceTree = "<group>"; };
		E118BAA727CFDDDB00EEEA7E /* ComicsView.swift */ = {isa = PBXFileReference; lastKnownFileType = sourcecode.swift; path = ComicsView.swift; sourceTree = "<group>"; };
		E154629827D0D62000777237 /* RowView.swift */ = {isa = PBXFileReference; lastKnownFileType = sourcecode.swift; path = RowView.swift; sourceTree = "<group>"; };
		E1B842C527E353690048CF36 /* RequestCharacter.swift */ = {isa = PBXFileReference; lastKnownFileType = sourcecode.swift; path = RequestCharacter.swift; sourceTree = "<group>"; };
		E1B842C727E363540048CF36 /* ComicViewModel.swift */ = {isa = PBXFileReference; lastKnownFileType = sourcecode.swift; path = ComicViewModel.swift; sourceTree = "<group>"; };
		E1CAA87F27C50DA2003E9B85 /* SwiftUIMarvelApi.app */ = {isa = PBXFileReference; explicitFileType = wrapper.application; includeInIndex = 0; path = SwiftUIMarvelApi.app; sourceTree = BUILT_PRODUCTS_DIR; };
		E1CAA88227C50DA2003E9B85 /* SwiftUIMarvelApiApp.swift */ = {isa = PBXFileReference; lastKnownFileType = sourcecode.swift; path = SwiftUIMarvelApiApp.swift; sourceTree = "<group>"; };
		E1CAA88427C50DA2003E9B85 /* ContentView.swift */ = {isa = PBXFileReference; lastKnownFileType = sourcecode.swift; path = ContentView.swift; sourceTree = "<group>"; };
		E1CAA88627C50DA3003E9B85 /* Assets.xcassets */ = {isa = PBXFileReference; lastKnownFileType = folder.assetcatalog; path = Assets.xcassets; sourceTree = "<group>"; };
		E1CAA88927C50DA3003E9B85 /* Preview Assets.xcassets */ = {isa = PBXFileReference; lastKnownFileType = folder.assetcatalog; path = "Preview Assets.xcassets"; sourceTree = "<group>"; };
		E1CAA89327C51659003E9B85 /* Marvel.swift */ = {isa = PBXFileReference; lastKnownFileType = sourcecode.swift; path = Marvel.swift; sourceTree = "<group>"; };
		E1CAA89827C517F5003E9B85 /* Home.swift */ = {isa = PBXFileReference; lastKnownFileType = sourcecode.swift; path = Home.swift; sourceTree = "<group>"; };
		E1CAA89A27C518FB003E9B85 /* CharacterViewModel.swift */ = {isa = PBXFileReference; lastKnownFileType = sourcecode.swift; path = CharacterViewModel.swift; sourceTree = "<group>"; };
		E1CAA89C27C51A09003E9B85 /* CharactersView.swift */ = {isa = PBXFileReference; lastKnownFileType = sourcecode.swift; path = CharactersView.swift; sourceTree = "<group>"; };
		E1F381B827E766270008EF31 /* RowProtocol.swift */ = {isa = PBXFileReference; lastKnownFileType = sourcecode.swift; path = RowProtocol.swift; sourceTree = "<group>"; };
		E1F381BC27E784250008EF31 /* CharacterReader.swift */ = {isa = PBXFileReference; lastKnownFileType = sourcecode.swift; path = CharacterReader.swift; sourceTree = "<group>"; };
		E1F381BE27E785BB0008EF31 /* ComicReader.swift */ = {isa = PBXFileReference; lastKnownFileType = sourcecode.swift; path = ComicReader.swift; sourceTree = "<group>"; };
		E1F381C027E7CB350008EF31 /* APIResult.swift */ = {isa = PBXFileReference; lastKnownFileType = sourcecode.swift; path = APIResult.swift; sourceTree = "<group>"; };
		E1F381C227E7CF460008EF31 /* RequestProtocol.swift */ = {isa = PBXFileReference; lastKnownFileType = sourcecode.swift; path = RequestProtocol.swift; sourceTree = "<group>"; };
		E1F381C427E7D46B0008EF31 /* RequestComic.swift */ = {isa = PBXFileReference; lastKnownFileType = sourcecode.swift; path = RequestComic.swift; sourceTree = "<group>"; };
/* End PBXFileReference section */

/* Begin PBXFrameworksBuildPhase section */
		E1CAA87C27C50DA2003E9B85 /* Frameworks */ = {
			isa = PBXFrameworksBuildPhase;
			buildActionMask = 2147483647;
			files = (
				E1CAA89227C50EBF003E9B85 /* SDWebImageSwiftUI in Frameworks */,
			);
			runOnlyForDeploymentPostprocessing = 0;
		};
/* End PBXFrameworksBuildPhase section */

/* Begin PBXGroup section */
		E118BAA427CFC8C600EEEA7E /* Config */ = {
			isa = PBXGroup;
			children = (
				E118BAA327CFABF500EEEA7E /* Info.plist */,
			);
			path = Config;
			sourceTree = "<group>";
		};
		E1B842BF27E34EBD0048CF36 /* NetworkLayer */ = {
			isa = PBXGroup;
			children = (
				E118BAA527CFD1DF00EEEA7E /* WebView.swift */,
				E1CAA89327C51659003E9B85 /* Marvel.swift */,
				E1B842C527E353690048CF36 /* RequestCharacter.swift */,
				E1F381C427E7D46B0008EF31 /* RequestComic.swift */,
				E1F381C027E7CB350008EF31 /* APIResult.swift */,
			);
			path = NetworkLayer;
			sourceTree = "<group>";
		};
		E1B842C027E34EEF0048CF36 /* Characters */ = {
			isa = PBXGroup;
			children = (
				E1CAA89527C51779003E9B85 /* View */,
				E1CAA89727C51787003E9B85 /* ViewModel */,
				E1CAA89627C5177F003E9B85 /* Model */,
			);
			path = Characters;
			sourceTree = "<group>";
		};
		E1B842C127E34F0F0048CF36 /* Comics */ = {
			isa = PBXGroup;
			children = (
				E1B842C427E350060048CF36 /* View */,
				E1B842C327E34FE70048CF36 /* ViewModel */,
				E1B842C227E34FD50048CF36 /* Model */,
			);
			path = Comics;
			sourceTree = "<group>";
		};
		E1B842C227E34FD50048CF36 /* Model */ = {
			isa = PBXGroup;
			children = (
			);
			path = Model;
			sourceTree = "<group>";
		};
		E1B842C327E34FE70048CF36 /* ViewModel */ = {
			isa = PBXGroup;
			children = (
				E1B842C727E363540048CF36 /* ComicViewModel.swift */,
			);
			path = ViewModel;
			sourceTree = "<group>";
		};
		E1B842C427E350060048CF36 /* View */ = {
			isa = PBXGroup;
			children = (
				E118BAA727CFDDDB00EEEA7E /* ComicsView.swift */,
			);
			path = View;
			sourceTree = "<group>";
		};
		E1CAA87627C50DA2003E9B85 = {
			isa = PBXGroup;
			children = (
				E1CAA88127C50DA2003E9B85 /* SwiftUIMarvelApi */,
				E1CAA88027C50DA2003E9B85 /* Products */,
			);
			sourceTree = "<group>";
		};
		E1CAA88027C50DA2003E9B85 /* Products */ = {
			isa = PBXGroup;
			children = (
				E1CAA87F27C50DA2003E9B85 /* SwiftUIMarvelApi.app */,
			);
			name = Products;
			sourceTree = "<group>";
		};
		E1CAA88127C50DA2003E9B85 /* SwiftUIMarvelApi */ = {
			isa = PBXGroup;
			children = (
				E1F381B727E765290008EF31 /* Protocoles */,
				E1CAA89E27C51CE4003E9B85 /* App */,
				E1B842BF27E34EBD0048CF36 /* NetworkLayer */,
				E1B842C027E34EEF0048CF36 /* Characters */,
				E1B842C127E34F0F0048CF36 /* Comics */,
				E1CAA88827C50DA3003E9B85 /* Preview Content */,
			);
			path = SwiftUIMarvelApi;
			sourceTree = "<group>";
		};
		E1CAA88827C50DA3003E9B85 /* Preview Content */ = {
			isa = PBXGroup;
			children = (
				E1CAA88927C50DA3003E9B85 /* Preview Assets.xcassets */,
			);
			path = "Preview Content";
			sourceTree = "<group>";
		};
		E1CAA89527C51779003E9B85 /* View */ = {
			isa = PBXGroup;
			children = (
				E1CAA89C27C51A09003E9B85 /* CharactersView.swift */,
				E154629827D0D62000777237 /* RowView.swift */,
				E10D6FE727EA89860089B547 /* DetailView.swift */,
			);
			path = View;
			sourceTree = "<group>";
		};
		E1CAA89627C5177F003E9B85 /* Model */ = {
			isa = PBXGroup;
			children = (
				E118BA9F27CE354700EEEA7E /* Character.swift */,
			);
			path = Model;
			sourceTree = "<group>";
		};
		E1CAA89727C51787003E9B85 /* ViewModel */ = {
			isa = PBXGroup;
			children = (
				E1CAA89A27C518FB003E9B85 /* CharacterViewModel.swift */,
			);
			path = ViewModel;
			sourceTree = "<group>";
		};
		E1CAA89E27C51CE4003E9B85 /* App */ = {
			isa = PBXGroup;
			children = (
				E118BAA427CFC8C600EEEA7E /* Config */,
				E1CAA88227C50DA2003E9B85 /* SwiftUIMarvelApiApp.swift */,
				E1CAA88427C50DA2003E9B85 /* ContentView.swift */,
				E1CAA89827C517F5003E9B85 /* Home.swift */,
				E1CAA88627C50DA3003E9B85 /* Assets.xcassets */,
			);
			path = App;
			sourceTree = "<group>";
		};
		E1F381B727E765290008EF31 /* Protocoles */ = {
			isa = PBXGroup;
			children = (
				E1F381B827E766270008EF31 /* RowProtocol.swift */,
				E1F381BC27E784250008EF31 /* CharacterReader.swift */,
				E1F381BE27E785BB0008EF31 /* ComicReader.swift */,
				E1F381C227E7CF460008EF31 /* RequestProtocol.swift */,
			);
			path = Protocoles;
			sourceTree = "<group>";
		};
/* End PBXGroup section */

/* Begin PBXNativeTarget section */
		E1CAA87E27C50DA2003E9B85 /* SwiftUIMarvelApi */ = {
			isa = PBXNativeTarget;
			buildConfigurationList = E1CAA88D27C50DA3003E9B85 /* Build configuration list for PBXNativeTarget "SwiftUIMarvelApi" */;
			buildPhases = (
				E1CAA87B27C50DA2003E9B85 /* Sources */,
				E1CAA87C27C50DA2003E9B85 /* Frameworks */,
				E1CAA87D27C50DA2003E9B85 /* Resources */,
			);
			buildRules = (
			);
			dependencies = (
			);
			name = SwiftUIMarvelApi;
			packageProductDependencies = (
				E1CAA89127C50EBF003E9B85 /* SDWebImageSwiftUI */,
			);
			productName = SwiftUIMarvelApi;
			productReference = E1CAA87F27C50DA2003E9B85 /* SwiftUIMarvelApi.app */;
			productType = "com.apple.product-type.application";
		};
/* End PBXNativeTarget section */

/* Begin PBXProject section */
		E1CAA87727C50DA2003E9B85 /* Project object */ = {
			isa = PBXProject;
			attributes = {
				BuildIndependentTargetsInParallel = 1;
				LastSwiftUpdateCheck = 1320;
				LastUpgradeCheck = 1320;
				TargetAttributes = {
					E1CAA87E27C50DA2003E9B85 = {
						CreatedOnToolsVersion = 13.2.1;
					};
				};
			};
			buildConfigurationList = E1CAA87A27C50DA2003E9B85 /* Build configuration list for PBXProject "SwiftUIMarvelApi" */;
			compatibilityVersion = "Xcode 13.0";
			developmentRegion = en;
			hasScannedForEncodings = 0;
			knownRegions = (
				en,
				Base,
			);
			mainGroup = E1CAA87627C50DA2003E9B85;
			packageReferences = (
				E1CAA89027C50EBF003E9B85 /* XCRemoteSwiftPackageReference "SDWebImageSwiftUI" */,
			);
			productRefGroup = E1CAA88027C50DA2003E9B85 /* Products */;
			projectDirPath = "";
			projectRoot = "";
			targets = (
				E1CAA87E27C50DA2003E9B85 /* SwiftUIMarvelApi */,
			);
		};
/* End PBXProject section */

/* Begin PBXResourcesBuildPhase section */
		E1CAA87D27C50DA2003E9B85 /* Resources */ = {
			isa = PBXResourcesBuildPhase;
			buildActionMask = 2147483647;
			files = (
				E1CAA88A27C50DA3003E9B85 /* Preview Assets.xcassets in Resources */,
				E1CAA88727C50DA3003E9B85 /* Assets.xcassets in Resources */,
			);
			runOnlyForDeploymentPostprocessing = 0;
		};
/* End PBXResourcesBuildPhase section */

/* Begin PBXSourcesBuildPhase section */
		E1CAA87B27C50DA2003E9B85 /* Sources */ = {
			isa = PBXSourcesBuildPhase;
			buildActionMask = 2147483647;
			files = (
				E154629927D0D62100777237 /* RowView.swift in Sources */,
				E1F381C327E7CF470008EF31 /* RequestProtocol.swift in Sources */,
				E1B842C627E353690048CF36 /* RequestCharacter.swift in Sources */,
				E1F381C127E7CB350008EF31 /* APIResult.swift in Sources */,
				E1F381BF27E785BB0008EF31 /* ComicReader.swift in Sources */,
				E1CAA89427C51659003E9B85 /* Marvel.swift in Sources */,
				E118BAA627CFD1DF00EEEA7E /* WebView.swift in Sources */,
				E1CAA88527C50DA2003E9B85 /* ContentView.swift in Sources */,
				E118BAA827CFDDDB00EEEA7E /* ComicsView.swift in Sources */,
				E118BAA027CE354700EEEA7E /* Character.swift in Sources */,
				E1F381B927E766270008EF31 /* RowProtocol.swift in Sources */,
				E1CAA89D27C51A09003E9B85 /* CharactersView.swift in Sources */,
				E1F381BD27E784250008EF31 /* CharacterReader.swift in Sources */,
				E1CAA89927C517F5003E9B85 /* Home.swift in Sources */,
				E1CAA89B27C518FB003E9B85 /* CharacterViewModel.swift in Sources */,
				E1F381C527E7D46B0008EF31 /* RequestComic.swift in Sources */,
				E10D6FE827EA89860089B547 /* DetailView.swift in Sources */,
				E1CAA88327C50DA2003E9B85 /* SwiftUIMarvelApiApp.swift in Sources */,
				E1B842C827E363540048CF36 /* ComicViewModel.swift in Sources */,
			);
			runOnlyForDeploymentPostprocessing = 0;
		};
/* End PBXSourcesBuildPhase section */

/* Begin XCBuildConfiguration section */
		E1CAA88B27C50DA3003E9B85 /* Debug */ = {
			isa = XCBuildConfiguration;
			buildSettings = {
				ALWAYS_SEARCH_USER_PATHS = NO;
				CLANG_ANALYZER_NONNULL = YES;
				CLANG_ANALYZER_NUMBER_OBJECT_CONVERSION = YES_AGGRESSIVE;
				CLANG_CXX_LANGUAGE_STANDARD = "gnu++17";
				CLANG_CXX_LIBRARY = "libc++";
				CLANG_ENABLE_MODULES = YES;
				CLANG_ENABLE_OBJC_ARC = YES;
				CLANG_ENABLE_OBJC_WEAK = YES;
				CLANG_WARN_BLOCK_CAPTURE_AUTORELEASING = YES;
				CLANG_WARN_BOOL_CONVERSION = YES;
				CLANG_WARN_COMMA = YES;
				CLANG_WARN_CONSTANT_CONVERSION = YES;
				CLANG_WARN_DEPRECATED_OBJC_IMPLEMENTATIONS = YES;
				CLANG_WARN_DIRECT_OBJC_ISA_USAGE = YES_ERROR;
				CLANG_WARN_DOCUMENTATION_COMMENTS = YES;
				CLANG_WARN_EMPTY_BODY = YES;
				CLANG_WARN_ENUM_CONVERSION = YES;
				CLANG_WARN_INFINITE_RECURSION = YES;
				CLANG_WARN_INT_CONVERSION = YES;
				CLANG_WARN_NON_LITERAL_NULL_CONVERSION = YES;
				CLANG_WARN_OBJC_IMPLICIT_RETAIN_SELF = YES;
				CLANG_WARN_OBJC_LITERAL_CONVERSION = YES;
				CLANG_WARN_OBJC_ROOT_CLASS = YES_ERROR;
				CLANG_WARN_QUOTED_INCLUDE_IN_FRAMEWORK_HEADER = YES;
				CLANG_WARN_RANGE_LOOP_ANALYSIS = YES;
				CLANG_WARN_STRICT_PROTOTYPES = YES;
				CLANG_WARN_SUSPICIOUS_MOVE = YES;
				CLANG_WARN_UNGUARDED_AVAILABILITY = YES_AGGRESSIVE;
				CLANG_WARN_UNREACHABLE_CODE = YES;
				CLANG_WARN__DUPLICATE_METHOD_MATCH = YES;
				COPY_PHASE_STRIP = NO;
				DEBUG_INFORMATION_FORMAT = dwarf;
				ENABLE_STRICT_OBJC_MSGSEND = YES;
				ENABLE_TESTABILITY = YES;
				GCC_C_LANGUAGE_STANDARD = gnu11;
				GCC_DYNAMIC_NO_PIC = NO;
				GCC_NO_COMMON_BLOCKS = YES;
				GCC_OPTIMIZATION_LEVEL = 0;
				GCC_PREPROCESSOR_DEFINITIONS = (
					"DEBUG=1",
					"$(inherited)",
				);
				GCC_WARN_64_TO_32_BIT_CONVERSION = YES;
				GCC_WARN_ABOUT_RETURN_TYPE = YES_ERROR;
				GCC_WARN_UNDECLARED_SELECTOR = YES;
				GCC_WARN_UNINITIALIZED_AUTOS = YES_AGGRESSIVE;
				GCC_WARN_UNUSED_FUNCTION = YES;
				GCC_WARN_UNUSED_VARIABLE = YES;
				IPHONEOS_DEPLOYMENT_TARGET = 15.2;
				MTL_ENABLE_DEBUG_INFO = INCLUDE_SOURCE;
				MTL_FAST_MATH = YES;
				ONLY_ACTIVE_ARCH = YES;
				SDKROOT = iphoneos;
				SWIFT_ACTIVE_COMPILATION_CONDITIONS = DEBUG;
				SWIFT_OPTIMIZATION_LEVEL = "-Onone";
			};
			name = Debug;
		};
		E1CAA88C27C50DA3003E9B85 /* Release */ = {
			isa = XCBuildConfiguration;
			buildSettings = {
				ALWAYS_SEARCH_USER_PATHS = NO;
				CLANG_ANALYZER_NONNULL = YES;
				CLANG_ANALYZER_NUMBER_OBJECT_CONVERSION = YES_AGGRESSIVE;
				CLANG_CXX_LANGUAGE_STANDARD = "gnu++17";
				CLANG_CXX_LIBRARY = "libc++";
				CLANG_ENABLE_MODULES = YES;
				CLANG_ENABLE_OBJC_ARC = YES;
				CLANG_ENABLE_OBJC_WEAK = YES;
				CLANG_WARN_BLOCK_CAPTURE_AUTORELEASING = YES;
				CLANG_WARN_BOOL_CONVERSION = YES;
				CLANG_WARN_COMMA = YES;
				CLANG_WARN_CONSTANT_CONVERSION = YES;
				CLANG_WARN_DEPRECATED_OBJC_IMPLEMENTATIONS = YES;
				CLANG_WARN_DIRECT_OBJC_ISA_USAGE = YES_ERROR;
				CLANG_WARN_DOCUMENTATION_COMMENTS = YES;
				CLANG_WARN_EMPTY_BODY = YES;
				CLANG_WARN_ENUM_CONVERSION = YES;
				CLANG_WARN_INFINITE_RECURSION = YES;
				CLANG_WARN_INT_CONVERSION = YES;
				CLANG_WARN_NON_LITERAL_NULL_CONVERSION = YES;
				CLANG_WARN_OBJC_IMPLICIT_RETAIN_SELF = YES;
				CLANG_WARN_OBJC_LITERAL_CONVERSION = YES;
				CLANG_WARN_OBJC_ROOT_CLASS = YES_ERROR;
				CLANG_WARN_QUOTED_INCLUDE_IN_FRAMEWORK_HEADER = YES;
				CLANG_WARN_RANGE_LOOP_ANALYSIS = YES;
				CLANG_WARN_STRICT_PROTOTYPES = YES;
				CLANG_WARN_SUSPICIOUS_MOVE = YES;
				CLANG_WARN_UNGUARDED_AVAILABILITY = YES_AGGRESSIVE;
				CLANG_WARN_UNREACHABLE_CODE = YES;
				CLANG_WARN__DUPLICATE_METHOD_MATCH = YES;
				COPY_PHASE_STRIP = NO;
				DEBUG_INFORMATION_FORMAT = "dwarf-with-dsym";
				ENABLE_NS_ASSERTIONS = NO;
				ENABLE_STRICT_OBJC_MSGSEND = YES;
				GCC_C_LANGUAGE_STANDARD = gnu11;
				GCC_NO_COMMON_BLOCKS = YES;
				GCC_WARN_64_TO_32_BIT_CONVERSION = YES;
				GCC_WARN_ABOUT_RETURN_TYPE = YES_ERROR;
				GCC_WARN_UNDECLARED_SELECTOR = YES;
				GCC_WARN_UNINITIALIZED_AUTOS = YES_AGGRESSIVE;
				GCC_WARN_UNUSED_FUNCTION = YES;
				GCC_WARN_UNUSED_VARIABLE = YES;
				IPHONEOS_DEPLOYMENT_TARGET = 15.2;
				MTL_ENABLE_DEBUG_INFO = NO;
				MTL_FAST_MATH = YES;
				SDKROOT = iphoneos;
				SWIFT_COMPILATION_MODE = wholemodule;
				SWIFT_OPTIMIZATION_LEVEL = "-O";
				VALIDATE_PRODUCT = YES;
			};
			name = Release;
		};
		E1CAA88E27C50DA3003E9B85 /* Debug */ = {
			isa = XCBuildConfiguration;
			buildSettings = {
				ASSETCATALOG_COMPILER_APPICON_NAME = AppIcon;
				ASSETCATALOG_COMPILER_GLOBAL_ACCENT_COLOR_NAME = AccentColor;
				CODE_SIGN_STYLE = Automatic;
				CURRENT_PROJECT_VERSION = 1;
				DEVELOPMENT_ASSET_PATHS = "\"SwiftUIMarvelApi/Preview Content\"";
				DEVELOPMENT_TEAM = 5K285D3RL3;
				ENABLE_PREVIEWS = YES;
				GENERATE_INFOPLIST_FILE = YES;
				INFOPLIST_FILE = SwiftUIMarvelApi/App/Config/Info.plist;
				INFOPLIST_KEY_UIApplicationSceneManifest_Generation = YES;
				INFOPLIST_KEY_UIApplicationSupportsIndirectInputEvents = YES;
				INFOPLIST_KEY_UILaunchScreen_Generation = YES;
				INFOPLIST_KEY_UISupportedInterfaceOrientations_iPad = "UIInterfaceOrientationPortrait UIInterfaceOrientationPortraitUpsideDown UIInterfaceOrientationLandscapeLeft UIInterfaceOrientationLandscapeRight";
				INFOPLIST_KEY_UISupportedInterfaceOrientations_iPhone = "UIInterfaceOrientationPortrait UIInterfaceOrientationLandscapeLeft UIInterfaceOrientationLandscapeRight";
				LD_RUNPATH_SEARCH_PATHS = (
					"$(inherited)",
					"@executable_path/Frameworks",
				);
				MARKETING_VERSION = 1.0;
				PRODUCT_BUNDLE_IDENTIFIER = com.johnkostanov.SwiftUIMarvelApi;
				PRODUCT_NAME = "$(TARGET_NAME)";
				SWIFT_EMIT_LOC_STRINGS = YES;
				SWIFT_VERSION = 5.0;
				TARGETED_DEVICE_FAMILY = "1,2";
			};
			name = Debug;
		};
		E1CAA88F27C50DA3003E9B85 /* Release */ = {
			isa = XCBuildConfiguration;
			buildSettings = {
				ASSETCATALOG_COMPILER_APPICON_NAME = AppIcon;
				ASSETCATALOG_COMPILER_GLOBAL_ACCENT_COLOR_NAME = AccentColor;
				CODE_SIGN_STYLE = Automatic;
				CURRENT_PROJECT_VERSION = 1;
				DEVELOPMENT_ASSET_PATHS = "\"SwiftUIMarvelApi/Preview Content\"";
				DEVELOPMENT_TEAM = 5K285D3RL3;
				ENABLE_PREVIEWS = YES;
				GENERATE_INFOPLIST_FILE = YES;
				INFOPLIST_FILE = SwiftUIMarvelApi/App/Config/Info.plist;
				INFOPLIST_KEY_UIApplicationSceneManifest_Generation = YES;
				INFOPLIST_KEY_UIApplicationSupportsIndirectInputEvents = YES;
				INFOPLIST_KEY_UILaunchScreen_Generation = YES;
				INFOPLIST_KEY_UISupportedInterfaceOrientations_iPad = "UIInterfaceOrientationPortrait UIInterfaceOrientationPortraitUpsideDown UIInterfaceOrientationLandscapeLeft UIInterfaceOrientationLandscapeRight";
				INFOPLIST_KEY_UISupportedInterfaceOrientations_iPhone = "UIInterfaceOrientationPortrait UIInterfaceOrientationLandscapeLeft UIInterfaceOrientationLandscapeRight";
				LD_RUNPATH_SEARCH_PATHS = (
					"$(inherited)",
					"@executable_path/Frameworks",
				);
				MARKETING_VERSION = 1.0;
				PRODUCT_BUNDLE_IDENTIFIER = com.johnkostanov.SwiftUIMarvelApi;
				PRODUCT_NAME = "$(TARGET_NAME)";
				SWIFT_EMIT_LOC_STRINGS = YES;
				SWIFT_VERSION = 5.0;
				TARGETED_DEVICE_FAMILY = "1,2";
			};
			name = Release;
		};
/* End XCBuildConfiguration section */

/* Begin XCConfigurationList section */
		E1CAA87A27C50DA2003E9B85 /* Build configuration list for PBXProject "SwiftUIMarvelApi" */ = {
			isa = XCConfigurationList;
			buildConfigurations = (
				E1CAA88B27C50DA3003E9B85 /* Debug */,
				E1CAA88C27C50DA3003E9B85 /* Release */,
			);
			defaultConfigurationIsVisible = 0;
			defaultConfigurationName = Release;
		};
		E1CAA88D27C50DA3003E9B85 /* Build configuration list for PBXNativeTarget "SwiftUIMarvelApi" */ = {
			isa = XCConfigurationList;
			buildConfigurations = (
				E1CAA88E27C50DA3003E9B85 /* Debug */,
				E1CAA88F27C50DA3003E9B85 /* Release */,
			);
			defaultConfigurationIsVisible = 0;
			defaultConfigurationName = Release;
		};
/* End XCConfigurationList section */

/* Begin XCRemoteSwiftPackageReference section */
		E1CAA89027C50EBF003E9B85 /* XCRemoteSwiftPackageReference "SDWebImageSwiftUI" */ = {
			isa = XCRemoteSwiftPackageReference;
			repositoryURL = "https://github.com/SDWebImage/SDWebImageSwiftUI.git";
			requirement = {
				kind = upToNextMajorVersion;
				minimumVersion = 2.0.0;
			};
		};
/* End XCRemoteSwiftPackageReference section */

/* Begin XCSwiftPackageProductDependency section */
		E1CAA89127C50EBF003E9B85 /* SDWebImageSwiftUI */ = {
			isa = XCSwiftPackageProductDependency;
			package = E1CAA89027C50EBF003E9B85 /* XCRemoteSwiftPackageReference "SDWebImageSwiftUI" */;
			productName = SDWebImageSwiftUI;
		};
/* End XCSwiftPackageProductDependency section */
	};
	rootObject = E1CAA87727C50DA2003E9B85 /* Project object */;
}
